<?xml version="1.0" encoding="utf-8"?>
<Project ToolsVersion="4.0" xmlns="http://schemas.microsoft.com/developer/msbuild/2003">
  <ItemGroup>
    <Filter Include="Source Files">
      <UniqueIdentifier>{4FC737F1-C7A5-4376-A066-2A32D752A2FF}</UniqueIdentifier>
      <Extensions>cpp;c;cc;cxx;c++;cppm;ixx;def;odl;idl;hpj;bat;asm;asmx</Extensions>
    </Filter>
    <Filter Include="Header Files">
      <UniqueIdentifier>{93995380-89BD-4b04-88EB-625FBE52EBFB}</UniqueIdentifier>
      <Extensions>h;hh;hpp;hxx;h++;hm;inl;inc;ipp;xsd</Extensions>
    </Filter>
    <Filter Include="Resource Files">
      <UniqueIdentifier>{67DA6AB6-F800-4c08-8B7A-83BB121AAD01}</UniqueIdentifier>
      <Extensions>rc;ico;cur;bmp;dlg;rc2;rct;bin;rgs;gif;jpg;jpeg;jpe;resx;tiff;tif;png;wav;mfcribbon-ms</Extensions>
    </Filter>
  </ItemGroup>
  <ItemGroup>
    <ClCompile Include="src\core\main.cpp">
      <Filter>Source Files</Filter>
    </ClCompile>
    <ClCompile Include="src\core\File.cpp">
      <Filter>Source Files</Filter>
    </ClCompile>
    <ClCompile Include="src\core\Lexer.cpp">
      <Filter>Source Files</Filter>
    </ClCompile>
    <ClCompile Include="src\core\VM.cpp">
      <Filter>Source Files</Filter>
    </ClCompile>
    <ClCompile Include="src\core\Parser.cpp">
      <Filter>Source Files</Filter>
    </ClCompile>
    <ClCompile Include="src\core\StrCon.cpp">
      <Filter>Source Files</Filter>
    </ClCompile>
    <ClCompile Include="src\core\Execute.cpp">
      <Filter>Source Files</Filter>
    </ClCompile>
    <ClCompile Include="src\util\ObjectOp.cpp">
      <Filter>Source Files</Filter>
    </ClCompile>
    <ClCompile Include="src\core\JtsFunc.cpp">
      <Filter>Source Files</Filter>
    </ClCompile>
    <ClCompile Include="src\core\Log.cpp">
      <Filter>Source Files</Filter>
    </ClCompile>
    <ClCompile Include="src\core\Object.cpp">
      <Filter>Source Files</Filter>
    </ClCompile>
    <ClCompile Include="src\util\ListOp.cpp">
      <Filter>Source Files</Filter>
    </ClCompile>
  </ItemGroup>
  <ItemGroup>
    <ClInclude Include="src\core\Types.h">
      <Filter>Header Files</Filter>
    </ClInclude>
    <ClInclude Include="src\core\Object.h">
      <Filter>Header Files</Filter>
    </ClInclude>
    <ClInclude Include="src\core\VM.h">
      <Filter>Header Files</Filter>
    </ClInclude>
    <ClInclude Include="src\core\File.h">
      <Filter>Header Files</Filter>
    </ClInclude>
    <ClInclude Include="src\core\Lexer.h">
      <Filter>Header Files</Filter>
    </ClInclude>
    <ClInclude Include="src\core\Parser.h">
      <Filter>Header Files</Filter>
    </ClInclude>
    <ClInclude Include="src\core\Token.h">
      <Filter>Header Files</Filter>
    </ClInclude>
    <ClInclude Include="src\core\StrCon.h">
      <Filter>Header Files</Filter>
    </ClInclude>
    <ClInclude Include="src\core\Execute.h">
      <Filter>Header Files</Filter>
    </ClInclude>
    <ClInclude Include="src\util\ObjectOp.h">
      <Filter>Header Files</Filter>
    </ClInclude>
    <ClInclude Include="src\prelude\Standard.h">
      <Filter>Header Files</Filter>
    </ClInclude>
    <ClInclude Include="src\core\JtsFunc.h">
      <Filter>Header Files</Filter>
    </ClInclude>
    <ClInclude Include="src\prelude\Arithmetic.h">
      <Filter>Header Files</Filter>
    </ClInclude>
    <ClInclude Include="src\prelude\Boolean.h">
      <Filter>Header Files</Filter>
    </ClInclude>
    <ClInclude Include="src\core\Log.h">
      <Filter>Header Files</Filter>
    </ClInclude>
    <ClInclude Include="src\util\Pool.h">
      <Filter>Header Files</Filter>
    </ClInclude>
    <ClInclude Include="src\core\CppFunc.h">
      <Filter>Header Files</Filter>
    </ClInclude>
    <ClInclude Include="src\util\Timer.h">
      <Filter>Header Files</Filter>
    </ClInclude>
    <ClInclude Include="src\core\JtsType.h">
      <Filter>Header Files</Filter>
    </ClInclude>
    <ClInclude Include="src\prelude\Lists.h">
      <Filter>Header Files</Filter>
    </ClInclude>
    <ClInclude Include="src\core\CppClass.h">
      <Filter>Header Files</Filter>
    </ClInclude>
    <ClInclude Include="src\util\ListOp.h">
      <Filter>Header Files</Filter>
    </ClInclude>
    <ClInclude Include="src\util\Stack.h">
      <Filter>Header Files</Filter>
    </ClInclude>
    <ClInclude Include="src\prelude\File.h">
      <Filter>Header Files</Filter>
    </ClInclude>
  </ItemGroup>
  <ItemGroup>
    <None Include="scripts\Rock-Paper-Scissors.jts" />
    <None Include="src\scripts\Jester.jts" />
    <None Include="src\scripts\main.jts" />
    <None Include="src\scripts\Dog.jts" />
  </ItemGroup>
</Project>